
Microsoft Visual Studio Solution File, Format Version 12.00
# Visual Studio Version 17
VisualStudioVersion = 17.8.34316.72
MinimumVisualStudioVersion = 10.0.40219.1
Project("{9A19103F-16F7-4668-BE54-9A1E7A4F7556}") = "WinFormsApp3", "WinFormsApp3.csproj", "{E9DF4C35-92A2-4FDA-BE62-258FE84F859A}"
EndProject
Global
	GlobalSection(SolutionConfigurationPlatforms) = preSolution
		Debug|Any CPU = Debug|Any CPU
		Release|Any CPU = Release|Any CPU
	EndGlobalSection
	GlobalSection(ProjectConfigurationPlatforms) = postSolution
		{E9DF4C35-92A2-4FDA-BE62-258FE84F859A}.Debug|Any CPU.ActiveCfg = Debug|Any CPU
		{E9DF4C35-92A2-4FDA-BE62-258FE84F859A}.Debug|Any CPU.Build.0 = Debug|Any CPU
		{E9DF4C35-92A2-4FDA-BE62-258FE84F859A}.Release|Any CPU.ActiveCfg = Release|Any CPU
		{E9DF4C35-92A2-4FDA-BE62-258FE84F859A}.Release|Any CPU.Build.0 = Release|Any CPU
	EndGlobalSection
	GlobalSection(SolutionProperties) = preSolution
		HideSolutionNode = FALSE
	EndGlobalSection
	GlobalSection(ExtensibilityGlobals) = postSolution
		SolutionGuid = {CB2DC981-3A92-4E5E-B225-FCDADADB1E45}
	EndGlobalSection
EndGlobal
